// !$*UTF8*$!
{
	archiveVersion = 1;
	classes = {
	};
	objectVersion = 46;
	objects = {

/* Begin PBXBuildFile section */
		570AA1281B3AD47900B54CD2 /* AppDelegate.swift in Sources */ = {isa = PBXBuildFile; fileRef = 570AA1271B3AD47900B54CD2 /* AppDelegate.swift */; };
		570AA12A1B3AD47900B54CD2 /* ViewController.swift in Sources */ = {isa = PBXBuildFile; fileRef = 570AA1291B3AD47900B54CD2 /* ViewController.swift */; };
		570AA12D1B3AD47900B54CD2 /* Main.storyboard in Resources */ = {isa = PBXBuildFile; fileRef = 570AA12B1B3AD47900B54CD2 /* Main.storyboard */; };
		570AA12F1B3AD47900B54CD2 /* Images.xcassets in Resources */ = {isa = PBXBuildFile; fileRef = 570AA12E1B3AD47900B54CD2 /* Images.xcassets */; };
		570AA1321B3AD47900B54CD2 /* LaunchScreen.xib in Resources */ = {isa = PBXBuildFile; fileRef = 570AA1301B3AD47900B54CD2 /* LaunchScreen.xib */; };
		570AA13E1B3AD47900B54CD2 /* FxxkWeiboTests.swift in Sources */ = {isa = PBXBuildFile; fileRef = 570AA13D1B3AD47900B54CD2 /* FxxkWeiboTests.swift */; };
		E0C978FB34CF944DCEB1D6DB /* libPods.a in Frameworks */ = {isa = PBXBuildFile; fileRef = 8BA33C15AADA7C6429C8BDEA /* libPods.a */; };
/* End PBXBuildFile section */

/* Begin PBXContainerItemProxy section */
		570AA1381B3AD47900B54CD2 /* PBXContainerItemProxy */ = {
			isa = PBXContainerItemProxy;
			containerPortal = 570AA11A1B3AD47900B54CD2 /* Project object */;
			proxyType = 1;
			remoteGlobalIDString = 570AA1211B3AD47900B54CD2;
			remoteInfo = FxxkWeibo;
		};
/* End PBXContainerItemProxy section */

/* Begin PBXFileReference section */
		570AA1221B3AD47900B54CD2 /* FxxkWeibo.app */ = {isa = PBXFileReference; explicitFileType = wrapper.application; includeInIndex = 0; path = FxxkWeibo.app; sourceTree = BUILT_PRODUCTS_DIR; };
		570AA1261B3AD47900B54CD2 /* Info.plist */ = {isa = PBXFileReference; lastKnownFileType = text.plist.xml; path = Info.plist; sourceTree = "<group>"; };
		570AA1271B3AD47900B54CD2 /* AppDelegate.swift */ = {isa = PBXFileReference; lastKnownFileType = sourcecode.swift; path = AppDelegate.swift; sourceTree = "<group>"; };
		570AA1291B3AD47900B54CD2 /* ViewController.swift */ = {isa = PBXFileReference; lastKnownFileType = sourcecode.swift; path = ViewController.swift; sourceTree = "<group>"; };
		570AA12C1B3AD47900B54CD2 /* Base */ = {isa = PBXFileReference; lastKnownFileType = file.storyboard; name = Base; path = Base.lproj/Main.storyboard; sourceTree = "<group>"; };
		570AA12E1B3AD47900B54CD2 /* Images.xcassets */ = {isa = PBXFileReference; lastKnownFileType = folder.assetcatalog; path = Images.xcassets; sourceTree = "<group>"; };
		570AA1311B3AD47900B54CD2 /* Base */ = {isa = PBXFileReference; lastKnownFileType = file.xib; name = Base; path = Base.lproj/LaunchScreen.xib; sourceTree = "<group>"; };
		570AA1371B3AD47900B54CD2 /* FxxkWeiboTests.xctest */ = {isa = PBXFileReference; explicitFileType = wrapper.cfbundle; includeInIndex = 0; path = FxxkWeiboTests.xctest; sourceTree = BUILT_PRODUCTS_DIR; };
		570AA13C1B3AD47900B54CD2 /* Info.plist */ = {isa = PBXFileReference; lastKnownFileType = text.plist.xml; path = Info.plist; sourceTree = "<group>"; };
		570AA13D1B3AD47900B54CD2 /* FxxkWeiboTests.swift */ = {isa = PBXFileReference; lastKnownFileType = sourcecode.swift; path = FxxkWeiboTests.swift; sourceTree = "<group>"; };
		570AA1471B3ADD3100B54CD2 /* FxxkWeibo-Bridging-Header.h */ = {isa = PBXFileReference; lastKnownFileType = sourcecode.c.h; path = "FxxkWeibo-Bridging-Header.h"; sourceTree = "<group>"; };
		69BDA8C46B88630D60A62357 /* Pods.debug.xcconfig */ = {isa = PBXFileReference; includeInIndex = 1; lastKnownFileType = text.xcconfig; name = Pods.debug.xcconfig; path = "Pods/Target Support Files/Pods/Pods.debug.xcconfig"; sourceTree = "<group>"; };
		8BA33C15AADA7C6429C8BDEA /* libPods.a */ = {isa = PBXFileReference; explicitFileType = archive.ar; includeInIndex = 0; path = libPods.a; sourceTree = BUILT_PRODUCTS_DIR; };
		BCAE37DA9B64CF3A6928E3CF /* Pods.release.xcconfig */ = {isa = PBXFileReference; includeInIndex = 1; lastKnownFileType = text.xcconfig; name = Pods.release.xcconfig; path = "Pods/Target Support Files/Pods/Pods.release.xcconfig"; sourceTree = "<group>"; };
/* End PBXFileReference section */

/* Begin PBXFrameworksBuildPhase section */
		570AA11F1B3AD47900B54CD2 /* Frameworks */ = {
			isa = PBXFrameworksBuildPhase;
			buildActionMask = 2147483647;
			files = (
				E0C978FB34CF944DCEB1D6DB /* libPods.a in Frameworks */,
			);
			runOnlyForDeploymentPostprocessing = 0;
		};
		570AA1341B3AD47900B54CD2 /* Frameworks */ = {
			isa = PBXFrameworksBuildPhase;
			buildActionMask = 2147483647;
			files = (
			);
			runOnlyForDeploymentPostprocessing = 0;
		};
/* End PBXFrameworksBuildPhase section */

/* Begin PBXGroup section */
		4272A9DF50D5A8FC634C7F00 /* Frameworks */ = {
			isa = PBXGroup;
			children = (
				8BA33C15AADA7C6429C8BDEA /* libPods.a */,
			);
			name = Frameworks;
			sourceTree = "<group>";
		};
		570AA1191B3AD47900B54CD2 = {
			isa = PBXGroup;
			children = (
				570AA1241B3AD47900B54CD2 /* FxxkWeibo */,
				570AA13A1B3AD47900B54CD2 /* FxxkWeiboTests */,
				570AA1231B3AD47900B54CD2 /* Products */,
				D05022E5F0FDA64A3987D8EA /* Pods */,
				4272A9DF50D5A8FC634C7F00 /* Frameworks */,
			);
			sourceTree = "<group>";
		};
		570AA1231B3AD47900B54CD2 /* Products */ = {
			isa = PBXGroup;
			children = (
				570AA1221B3AD47900B54CD2 /* FxxkWeibo.app */,
				570AA1371B3AD47900B54CD2 /* FxxkWeiboTests.xctest */,
			);
			name = Products;
			sourceTree = "<group>";
		};
		570AA1241B3AD47900B54CD2 /* FxxkWeibo */ = {
			isa = PBXGroup;
			children = (
				570AA1271B3AD47900B54CD2 /* AppDelegate.swift */,
				570AA1291B3AD47900B54CD2 /* ViewController.swift */,
				570AA12B1B3AD47900B54CD2 /* Main.storyboard */,
				570AA12E1B3AD47900B54CD2 /* Images.xcassets */,
				570AA1301B3AD47900B54CD2 /* LaunchScreen.xib */,
				570AA1251B3AD47900B54CD2 /* Supporting Files */,
				570AA1471B3ADD3100B54CD2 /* FxxkWeibo-Bridging-Header.h */,
			);
			path = FxxkWeibo;
			sourceTree = "<group>";
		};
		570AA1251B3AD47900B54CD2 /* Supporting Files */ = {
			isa = PBXGroup;
			children = (
				570AA1261B3AD47900B54CD2 /* Info.plist */,
			);
			name = "Supporting Files";
			sourceTree = "<group>";
		};
		570AA13A1B3AD47900B54CD2 /* FxxkWeiboTests */ = {
			isa = PBXGroup;
			children = (
				570AA13D1B3AD47900B54CD2 /* FxxkWeiboTests.swift */,
				570AA13B1B3AD47900B54CD2 /* Supporting Files */,
			);
			path = FxxkWeiboTests;
			sourceTree = "<group>";
		};
		570AA13B1B3AD47900B54CD2 /* Supporting Files */ = {
			isa = PBXGroup;
			children = (
				570AA13C1B3AD47900B54CD2 /* Info.plist */,
			);
			name = "Supporting Files";
			sourceTree = "<group>";
		};
		D05022E5F0FDA64A3987D8EA /* Pods */ = {
			isa = PBXGroup;
			children = (
				69BDA8C46B88630D60A62357 /* Pods.debug.xcconfig */,
				BCAE37DA9B64CF3A6928E3CF /* Pods.release.xcconfig */,
			);
			name = Pods;
			sourceTree = "<group>";
		};
/* End PBXGroup section */

/* Begin PBXNativeTarget section */
		570AA1211B3AD47900B54CD2 /* FxxkWeibo */ = {
			isa = PBXNativeTarget;
			buildConfigurationList = 570AA1411B3AD47900B54CD2 /* Build configuration list for PBXNativeTarget "FxxkWeibo" */;
			buildPhases = (
				301FF60087F8EED26346D838 /* Check Pods Manifest.lock */,
				570AA11E1B3AD47900B54CD2 /* Sources */,
				570AA11F1B3AD47900B54CD2 /* Frameworks */,
				570AA1201B3AD47900B54CD2 /* Resources */,
				49233BD51FD33207D393120C /* Copy Pods Resources */,
			);
			buildRules = (
			);
			dependencies = (
			);
			name = FxxkWeibo;
			productName = FxxkWeibo;
			productReference = 570AA1221B3AD47900B54CD2 /* FxxkWeibo.app */;
			productType = "com.apple.product-type.application";
		};
		570AA1361B3AD47900B54CD2 /* FxxkWeiboTests */ = {
			isa = PBXNativeTarget;
			buildConfigurationList = 570AA1441B3AD47900B54CD2 /* Build configuration list for PBXNativeTarget "FxxkWeiboTests" */;
			buildPhases = (
				570AA1331B3AD47900B54CD2 /* Sources */,
				570AA1341B3AD47900B54CD2 /* Frameworks */,
				570AA1351B3AD47900B54CD2 /* Resources */,
			);
			buildRules = (
			);
			dependencies = (
				570AA1391B3AD47900B54CD2 /* PBXTargetDependency */,
			);
			name = FxxkWeiboTests;
			productName = FxxkWeiboTests;
			productReference = 570AA1371B3AD47900B54CD2 /* FxxkWeiboTests.xctest */;
			productType = "com.apple.product-type.bundle.unit-test";
		};
/* End PBXNativeTarget section */

/* Begin PBXProject section */
		570AA11A1B3AD47900B54CD2 /* Project object */ = {
			isa = PBXProject;
			attributes = {
				LastUpgradeCheck = 0630;
				ORGANIZATIONNAME = Victor;
				TargetAttributes = {
					570AA1211B3AD47900B54CD2 = {
						CreatedOnToolsVersion = 6.3.2;
					};
					570AA1361B3AD47900B54CD2 = {
						CreatedOnToolsVersion = 6.3.2;
						TestTargetID = 570AA1211B3AD47900B54CD2;
					};
				};
			};
			buildConfigurationList = 570AA11D1B3AD47900B54CD2 /* Build configuration list for PBXProject "FxxkWeibo" */;
			compatibilityVersion = "Xcode 3.2";
			developmentRegion = English;
			hasScannedForEncodings = 0;
			knownRegions = (
				en,
				Base,
			);
			mainGroup = 570AA1191B3AD47900B54CD2;
			productRefGroup = 570AA1231B3AD47900B54CD2 /* Products */;
			projectDirPath = "";
			projectRoot = "";
			targets = (
				570AA1211B3AD47900B54CD2 /* FxxkWeibo */,
				570AA1361B3AD47900B54CD2 /* FxxkWeiboTests */,
			);
		};
/* End PBXProject section */

/* Begin PBXResourcesBuildPhase section */
		570AA1201B3AD47900B54CD2 /* Resources */ = {
			isa = PBXResourcesBuildPhase;
			buildActionMask = 2147483647;
			files = (
				570AA12D1B3AD47900B54CD2 /* Main.storyboard in Resources */,
				570AA1321B3AD47900B54CD2 /* LaunchScreen.xib in Resources */,
				570AA12F1B3AD47900B54CD2 /* Images.xcassets in Resources */,
			);
			runOnlyForDeploymentPostprocessing = 0;
		};
		570AA1351B3AD47900B54CD2 /* Resources */ = {
			isa = PBXResourcesBuildPhase;
			buildActionMask = 2147483647;
			files = (
			);
			runOnlyForDeploymentPostprocessing = 0;
		};
/* End PBXResourcesBuildPhase section */

/* Begin PBXShellScriptBuildPhase section */
		301FF60087F8EED26346D838 /* Check Pods Manifest.lock */ = {
			isa = PBXShellScriptBuildPhase;
			buildActionMask = 2147483647;
			files = (
			);
			inputPaths = (
			);
			name = "Check Pods Manifest.lock";
			outputPaths = (
			);
			runOnlyForDeploymentPostprocessing = 0;
			shellPath = /bin/sh;
			shellScript = "diff \"${PODS_ROOT}/../Podfile.lock\" \"${PODS_ROOT}/Manifest.lock\" > /dev/null\nif [[ $? != 0 ]] ; then\n    cat << EOM\nerror: The sandbox is not in sync with the Podfile.lock. Run 'pod install' or update your CocoaPods installation.\nEOM\n    exit 1\nfi\n";
			showEnvVarsInLog = 0;
		};
		49233BD51FD33207D393120C /* Copy Pods Resources */ = {
			isa = PBXShellScriptBuildPhase;
			buildActionMask = 2147483647;
			files = (
			);
			inputPaths = (
			);
			name = "Copy Pods Resources";
			outputPaths = (
			);
			runOnlyForDeploymentPostprocessing = 0;
			shellPath = /bin/sh;
			shellScript = "\"${SRCROOT}/Pods/Target Support Files/Pods/Pods-resources.sh\"\n";
			showEnvVarsInLog = 0;
		};
/* End PBXShellScriptBuildPhase section */

/* Begin PBXSourcesBuildPhase section */
		570AA11E1B3AD47900B54CD2 /* Sources */ = {
			isa = PBXSourcesBuildPhase;
			buildActionMask = 2147483647;
			files = (
				570AA12A1B3AD47900B54CD2 /* ViewController.swift in Sources */,
				570AA1281B3AD47900B54CD2 /* AppDelegate.swift in Sources */,
			);
			runOnlyForDeploymentPostprocessing = 0;
		};
		570AA1331B3AD47900B54CD2 /* Sources */ = {
			isa = PBXSourcesBuildPhase;
			buildActionMask = 2147483647;
			files = (
				570AA13E1B3AD47900B54CD2 /* FxxkWeiboTests.swift in Sources */,
			);
			runOnlyForDeploymentPostprocessing = 0;
		};
/* End PBXSourcesBuildPhase section */

/* Begin PBXTargetDependency section */
		570AA1391B3AD47900B54CD2 /* PBXTargetDependency */ = {
			isa = PBXTargetDependency;
			target = 570AA1211B3AD47900B54CD2 /* FxxkWeibo */;
			targetProxy = 570AA1381B3AD47900B54CD2 /* PBXContainerItemProxy */;
		};
/* End PBXTargetDependency section */

/* Begin PBXVariantGroup section */
		570AA12B1B3AD47900B54CD2 /* Main.storyboard */ = {
			isa = PBXVariantGroup;
			children = (
				570AA12C1B3AD47900B54CD2 /* Base */,
			);
			name = Main.storyboard;
			sourceTree = "<group>";
		};
		570AA1301B3AD47900B54CD2 /* LaunchScreen.xib */ = {
			isa = PBXVariantGroup;
			children = (
				570AA1311B3AD47900B54CD2 /* Base */,
			);
			name = LaunchScreen.xib;
			sourceTree = "<group>";
		};
/* End PBXVariantGroup section */

/* Begin XCBuildConfiguration section */
		570AA13F1B3AD47900B54CD2 /* Debug */ = {
			isa = XCBuildConfiguration;
			buildSettings = {
				ALWAYS_SEARCH_USER_PATHS = NO;
				CLANG_CXX_LANGUAGE_STANDARD = "gnu++0x";
				CLANG_CXX_LIBRARY = "libc++";
				CLANG_ENABLE_MODULES = YES;
				CLANG_ENABLE_OBJC_ARC = YES;
				CLANG_WARN_BOOL_CONVERSION = YES;
				CLANG_WARN_CONSTANT_CONVERSION = YES;
				CLANG_WARN_DIRECT_OBJC_ISA_USAGE = YES_ERROR;
				CLANG_WARN_EMPTY_BODY = YES;
				CLANG_WARN_ENUM_CONVERSION = YES;
				CLANG_WARN_INT_CONVERSION = YES;
				CLANG_WARN_OBJC_ROOT_CLASS = YES_ERROR;
				CLANG_WARN_UNREACHABLE_CODE = YES;
				CLANG_WARN__DUPLICATE_METHOD_MATCH = YES;
				"CODE_SIGN_IDENTITY[sdk=iphoneos*]" = "iPhone Developer";
				COPY_PHASE_STRIP = NO;
				DEBUG_INFORMATION_FORMAT = "dwarf-with-dsym";
				ENABLE_STRICT_OBJC_MSGSEND = YES;
				GCC_C_LANGUAGE_STANDARD = gnu99;
				GCC_DYNAMIC_NO_PIC = NO;
				GCC_NO_COMMON_BLOCKS = YES;
				GCC_OPTIMIZATION_LEVEL = 0;
				GCC_PREPROCESSOR_DEFINITIONS = (
					"DEBUG=1",
					"$(inherited)",
				);
				GCC_SYMBOLS_PRIVATE_EXTERN = NO;
				GCC_WARN_64_TO_32_BIT_CONVERSION = YES;
				GCC_WARN_ABOUT_RETURN_TYPE = YES_ERROR;
				GCC_WARN_UNDECLARED_SELECTOR = YES;
				GCC_WARN_UNINITIALIZED_AUTOS = YES_AGGRESSIVE;
				GCC_WARN_UNUSED_FUNCTION = YES;
				GCC_WARN_UNUSED_VARIABLE = YES;
				IPHONEOS_DEPLOYMENT_TARGET = 8.3;
				MTL_ENABLE_DEBUG_INFO = YES;
				ONLY_ACTIVE_ARCH = YES;
				SDKROOT = iphoneos;
				SWIFT_OPTIMIZATION_LEVEL = "-Onone";
			};
			name = Debug;
		};
		570AA1401B3AD47900B54CD2 /* Release */ = {
			isa = XCBuildConfiguration;
			buildSettings = {
				ALWAYS_SEARCH_USER_PATHS = NO;
				CLANG_CXX_LANGUAGE_STANDARD = "gnu++0x";
				CLANG_CXX_LIBRARY = "libc++";
				CLANG_ENABLE_MODULES = YES;
				CLANG_ENABLE_OBJC_ARC = YES;
				CLANG_WARN_BOOL_CONVERSION = YES;
				CLANG_WARN_CONSTANT_CONVERSION = YES;
				CLANG_WARN_DIRECT_OBJC_ISA_USAGE = YES_ERROR;
				CLANG_WARN_EMPTY_BODY = YES;
				CLANG_WARN_ENUM_CONVERSION = YES;
				CLANG_WARN_INT_CONVERSION = YES;
				CLANG_WARN_OBJC_ROOT_CLASS = YES_ERROR;
				CLANG_WARN_UNREACHABLE_CODE = YES;
				CLANG_WARN__DUPLICATE_METHOD_MATCH = YES;
				"CODE_SIGN_IDENTITY[sdk=iphoneos*]" = "iPhone Developer";
				COPY_PHASE_STRIP = NO;
				DEBUG_INFORMATION_FORMAT = "dwarf-with-dsym";
				ENABLE_NS_ASSERTIONS = NO;
				ENABLE_STRICT_OBJC_MSGSEND = YES;
				GCC_C_LANGUAGE_STANDARD = gnu99;
				GCC_NO_COMMON_BLOCKS = YES;
				GCC_WARN_64_TO_32_BIT_CONVERSION = YES;
				GCC_WARN_ABOUT_RETURN_TYPE = YES_ERROR;
				GCC_WARN_UNDECLARED_SELECTOR = YES;
				GCC_WARN_UNINITIALIZED_AUTOS = YES_AGGRESSIVE;
				GCC_WARN_UNUSED_FUNCTION = YES;
				GCC_WARN_UNUSED_VARIABLE = YES;
				IPHONEOS_DEPLOYMENT_TARGET = 8.3;
				MTL_ENABLE_DEBUG_INFO = NO;
				SDKROOT = iphoneos;
				VALIDATE_PRODUCT = YES;
			};
			name = Release;
		};
		570AA1421B3AD47900B54CD2 /* Debug */ = {
			isa = XCBuildConfiguration;
			baseConfigurationReference = 69BDA8C46B88630D60A62357 /* Pods.debug.xcconfig */;
			buildSettings = {
				ASSETCATALOG_COMPILER_APPICON_NAME = AppIcon;
				CLANG_ENABLE_MODULES = YES;
				CODE_SIGN_IDENTITY = "iPhone Developer: Yinbo Ji (JU79DVB3FX)";
				INFOPLIST_FILE = FxxkWeibo/Info.plist;
				LD_RUNPATH_SEARCH_PATHS = "$(inherited) @executable_path/Frameworks";
				PRODUCT_NAME = "$(TARGET_NAME)";
				SWIFT_OBJC_BRIDGING_HEADER = "FxxkWeibo/FxxkWeibo-Bridging-Header.h";
				SWIFT_OPTIMIZATION_LEVEL = "-Onone";
			};
			name = Debug;
		};
		570AA1431B3AD47900B54CD2 /* Release */ = {
			isa = XCBuildConfiguration;
			baseConfigurationReference = BCAE37DA9B64CF3A6928E3CF /* Pods.release.xcconfig */;
			buildSettings = {
				ASSETCATALOG_COMPILER_APPICON_NAME = AppIcon;
				CLANG_ENABLE_MODULES = YES;
				INFOPLIST_FILE = FxxkWeibo/Info.plist;
				LD_RUNPATH_SEARCH_PATHS = "$(inherited) @executable_path/Frameworks";
				PRODUCT_NAME = "$(TARGET_NAME)";
				SWIFT_OBJC_BRIDGING_HEADER = "FxxkWeibo/FxxkWeibo-Bridging-Header.h";
			};
			name = Release;
		};
		570AA1451B3AD47900B54CD2 /* Debug */ = {
			isa = XCBuildConfiguration;
			buildSettings = {
				BUNDLE_LOADER = "$(TEST_HOST)";
				FRAMEWORK_SEARCH_PATHS = (
					"$(SDKROOT)/Developer/Library/Frameworks",
					"$(inherited)",
				);
				GCC_PREPROCESSOR_DEFINITIONS = (
					"DEBUG=1",
					"$(inherited)",
				);
				INFOPLIST_FILE = FxxkWeiboTests/Info.plist;
				LD_RUNPATH_SEARCH_PATHS = "$(inherited) @executable_path/Frameworks @loader_path/Frameworks";
				PRODUCT_NAME = "$(TARGET_NAME)";
				TEST_HOST = "$(BUILT_PRODUCTS_DIR)/FxxkWeibo.app/FxxkWeibo";
			};
			name = Debug;
		};
		570AA1461B3AD47900B54CD2 /* Release */ = {
			isa = XCBuildConfiguration;
			buildSettings = {
				BUNDLE_LOADER = "$(TEST_HOST)";
				FRAMEWORK_SEARCH_PATHS = (
					"$(SDKROOT)/Developer/Library/Frameworks",
					"$(inherited)",
				);
				INFOPLIST_FILE = FxxkWeiboTests/Info.plist;
				LD_RUNPATH_SEARCH_PATHS = "$(inherited) @executable_path/Frameworks @loader_path/Frameworks";
				PRODUCT_NAME = "$(TARGET_NAME)";
				TEST_HOST = "$(BUILT_PRODUCTS_DIR)/FxxkWeibo.app/FxxkWeibo";
			};
			name = Release;
		};
/* End XCBuildConfiguration section */

/* Begin XCConfigurationList section */
		570AA11D1B3AD47900B54CD2 /* Build configuration list for PBXProject "FxxkWeibo" */ = {
			isa = XCConfigurationList;
			buildConfigurations = (
				570AA13F1B3AD47900B54CD2 /* Debug */,
				570AA1401B3AD47900B54CD2 /* Release */,
			);
			defaultConfigurationIsVisible = 0;
			defaultConfigurationName = Release;
		};
		570AA1411B3AD47900B54CD2 /* Build configuration list for PBXNativeTarget "FxxkWeibo" */ = {
			isa = XCConfigurationList;
			buildConfigurations = (
				570AA1421B3AD47900B54CD2 /* Debug */,
				570AA1431B3AD47900B54CD2 /* Release */,
			);
			defaultConfigurationIsVisible = 0;
			defaultConfigurationName = Release;
		};
		570AA1441B3AD47900B54CD2 /* Build configuration list for PBXNativeTarget "FxxkWeiboTests" */ = {
			isa = XCConfigurationList;
			buildConfigurations = (
				570AA1451B3AD47900B54CD2 /* Debug */,
				570AA1461B3AD47900B54CD2 /* Release */,
			);
			defaultConfigurationIsVisible = 0;
			defaultConfigurationName = Release;
		};
/* End XCConfigurationList section */
	};
	rootObject = 570AA11A1B3AD47900B54CD2 /* Project object */;
}
